
Microsoft Visual Studio Solution File, Format Version 12.00
# Visual Studio Version 17
VisualStudioVersion = 17.0.31912.275
MinimumVisualStudioVersion = 10.0.40219.1
Project("{9A19103F-16F7-4668-BE54-9A1E7A4F7556}") = "DadJokeApi", "DadJokeApi\DadJokeApi.csproj", "{BCBC979C-E756-4C3D-B314-CF480417075C}"
EndProject
Project("{9A19103F-16F7-4668-BE54-9A1E7A4F7556}") = "EurekaDemo", "EurekaDemo\EurekaDemo.csproj", "{7D1B499F-BFCB-4E73-85F0-5EEB00BE7704}"
EndProject
Global
	GlobalSection(SolutionConfigurationPlatforms) = preSolution
		Debug|Any CPU = Debug|Any CPU
		Release|Any CPU = Release|Any CPU
	EndGlobalSection
	GlobalSection(ProjectConfigurationPlatforms) = postSolution
		{BCBC979C-E756-4C3D-B314-CF480417075C}.Debug|Any CPU.ActiveCfg = Debug|Any CPU
		{BCBC979C-E756-4C3D-B314-CF480417075C}.Debug|Any CPU.Build.0 = Debug|Any CPU
		{BCBC979C-E756-4C3D-B314-CF480417075C}.Release|Any CPU.ActiveCfg = Release|Any CPU
		{BCBC979C-E756-4C3D-B314-CF480417075C}.Release|Any CPU.Build.0 = Release|Any CPU
		{7D1B499F-BFCB-4E73-85F0-5EEB00BE7704}.Debug|Any CPU.ActiveCfg = Debug|Any CPU
		{7D1B499F-BFCB-4E73-85F0-5EEB00BE7704}.Debug|Any CPU.Build.0 = Debug|Any CPU
		{7D1B499F-BFCB-4E73-85F0-5EEB00BE7704}.Release|Any CPU.ActiveCfg = Release|Any CPU
		{7D1B499F-BFCB-4E73-85F0-5EEB00BE7704}.Release|Any CPU.Build.0 = Release|Any CPU
	EndGlobalSection
	GlobalSection(SolutionProperties) = preSolution
		HideSolutionNode = FALSE
	EndGlobalSection
	GlobalSection(ExtensibilityGlobals) = postSolution
		SolutionGuid = {6E8A56A1-FD1E-4802-A07D-F209DF84DC3A}
	EndGlobalSection
EndGlobal
