
Microsoft Visual Studio Solution File, Format Version 12.00
# Visual Studio Version 17
VisualStudioVersion = 17.4.33103.184
MinimumVisualStudioVersion = 10.0.40219.1
Project("{9A19103F-16F7-4668-BE54-9A1E7A4F7556}") = "Config", "Config.csproj", "{FE090214-D9BA-4677-ADC4-9DFE0BE89EDE}"
EndProject
Global
	GlobalSection(SolutionConfigurationPlatforms) = preSolution
		Debug|Any CPU = Debug|Any CPU
		Release|Any CPU = Release|Any CPU
	EndGlobalSection
	GlobalSection(ProjectConfigurationPlatforms) = postSolution
		{FE090214-D9BA-4677-ADC4-9DFE0BE89EDE}.Debug|Any CPU.ActiveCfg = Debug|Any CPU
		{FE090214-D9BA-4677-ADC4-9DFE0BE89EDE}.Debug|Any CPU.Build.0 = Debug|Any CPU
		{FE090214-D9BA-4677-ADC4-9DFE0BE89EDE}.Release|Any CPU.ActiveCfg = Release|Any CPU
		{FE090214-D9BA-4677-ADC4-9DFE0BE89EDE}.Release|Any CPU.Build.0 = Release|Any CPU
	EndGlobalSection
	GlobalSection(SolutionProperties) = preSolution
		HideSolutionNode = FALSE
	EndGlobalSection
	GlobalSection(ExtensibilityGlobals) = postSolution
		SolutionGuid = {C84C5D50-039E-4479-BA53-873A805E3F30}
	EndGlobalSection
EndGlobal
